// !$*UTF8*$!
{
	archiveVersion = 1;
	classes = {
	};
	objectVersion = 77;
	objects = {

/* Begin PBXBuildFile section */
		AA00000000000000000001 /* ShallotCore in Frameworks */ = {isa = PBXBuildFile; productRef = AA00000000000000000002 /* ShallotCore */; };
/* End PBXBuildFile section */

/* Begin PBXContainerItemProxy section */
		3E06B4343042B984006FD699 /* PBXContainerItemProxy */ = {
			isa = PBXContainerItemProxy;
			containerPortal = 3E06B41C3042B983006FD699 /* Project object */;
			proxyType = 1;
			remoteGlobalIDString = 3E06B4233042B983006FD699;
			remoteInfo = Shallot;
		};
		3E06B43E3042B984006FD699 /* PBXContainerItemProxy */ = {
			isa = PBXContainerItemProxy;
			containerPortal = 3E06B41C3042B983006FD699 /* Project object */;
			proxyType = 1;
			remoteGlobalIDString = 3E06B4233042B983006FD699;
			remoteInfo = Shallot;
		};
/* End PBXContainerItemProxy section */

/* Begin PBXFileReference section */
		3E06B4243042B983006FD699 /* Shallot.app */ = {isa = PBXFileReference; explicitFileType = wrapper.application; includeInIndex = 0; path = Shallot.app; sourceTree = BUILT_PRODUCTS_DIR; };
		3E06B4333042B984006FD699 /* ShallotTests.xctest */ = {isa = PBXFileReference; explicitFileType = wrapper.cfbundle; includeInIndex = 0; path = ShallotTests.xctest; sourceTree = BUILT_PRODUCTS_DIR; };
		3E06B43D3042B984006FD699 /* ShallotUITests.xctest */ = {isa = PBXFileReference; explicitFileType = wrapper.cfbundle; includeInIndex = 0; path = ShallotUITests.xctest; sourceTree = BUILT_PRODUCTS_DIR; };
/* End PBXFileReference section */

/* Begin PBXFileSystemSynchronizedRootGroup section */
		3E06B4263042B983006FD699 /* Shallot */ = {
			isa = PBXFileSystemSynchronizedRootGroup;
			path = Shallot;
			sourceTree = "<group>";
		};
		3E06B4363042B984006FD699 /* ShallotTests */ = {
			isa = PBXFileSystemSynchronizedRootGroup;
			path = ShallotTests;
			sourceTree = "<group>";
		};
		3E06B4403042B984006FD699 /* ShallotUITests */ = {
			isa = PBXFileSystemSynchronizedRootGroup;
			path = ShallotUITests;
			sourceTree = "<group>";
		};
/* End PBXFileSystemSynchronizedRootGroup section */

/* Begin PBXFrameworksBuildPhase section */
		3E06B4213042B983006FD699 /* Frameworks */ = {
			isa = PBXFrameworksBuildPhase;
			buildActionMask = 2147483647;
			files = (
				AA00000000000000000001 /* ShallotCore in Frameworks */,
			);
			runOnlyForDeploymentPostprocessing = 0;
		};
		3E06B4303042B984006FD699 /* Frameworks */ = {
			isa = PBXFrameworksBuildPhase;
			buildActionMask = 2147483647;
			files = (
			);
			runOnlyForDeploymentPostprocessing = 0;
		};
		3E06B43A3042B984006FD699 /* Frameworks */ = {
			isa = PBXFrameworksBuildPhase;
			buildActionMask = 2147483647;
			files = (
			);
			runOnlyForDeploymentPostprocessing = 0;
		};
/* End PBXFrameworksBuildPhase section */

/* Begin PBXGroup section */
		3E06B41B3042B983006FD699 = {
			isa = PBXGroup;
			children = (
				3E06B4263042B983006FD699 /* Shallot */,
				3E06B4363042B984006FD699 /* ShallotTests */,
				3E06B4403042B984006FD699 /* ShallotUITests */,
				3E06B4253042B983006FD699 /* Products */,
			);
			sourceTree = "<group>";
		};
		3E06B4253042B983006FD699 /* Products */ = {
			isa = PBXGroup;
			children = (
				3E06B4243042B983006FD699 /* Shallot.app */,
				3E06B4333042B984006FD699 /* ShallotTests.xctest */,
				3E06B43D3042B984006FD699 /* ShallotUITests.xctest */,
			);
			name = Products;
			sourceTree = "<group>";
		};
/* End PBXGroup section */

/* Begin PBXNativeTarget section */
		3E06B4233042B983006FD699 /* Shallot */ = {
			isa = PBXNativeTarget;
			buildConfigurationList = 3E06B4473042B984006FD699 /* Build configuration list for PBXNativeTarget "Shallot" */;
			buildPhases = (
				3E06B4203042B983006FD699 /* Sources */,
				3E06B4213042B983006FD699 /* Frameworks */,
				3E06B4223042B983006FD699 /* Resources */,
			);
			buildRules = (
			);
			dependencies = (
			);
			fileSystemSynchronizedGroups = (
				3E06B4263042B983006FD699 /* Shallot */,
			);
			name = Shallot;
			packageProductDependencies = (
				AA00000000000000000002 /* ShallotCore */,
			);
			productName = Shallot;
			productReference = 3E06B4243042B983006FD699 /* Shallot.app */;
			productType = "com.apple.product-type.application";
		};
		3E06B4323042B984006FD699 /* ShallotTests */ = {
			isa = PBXNativeTarget;
			buildConfigurationList = 3E06B44A3042B984006FD699 /* Build configuration list for PBXNativeTarget "ShallotTests" */;
			buildPhases = (
				3E06B42F3042B984006FD699 /* Sources */,
				3E06B4303042B984006FD699 /* Frameworks */,
				3E06B4313042B984006FD699 /* Resources */,
			);
			buildRules = (
			);
			dependencies = (
				3E06B4353042B984006FD699 /* PBXTargetDependency */,
			);
			fileSystemSynchronizedGroups = (
				3E06B4363042B984006FD699 /* ShallotTests */,
			);
			name = ShallotTests;
			packageProductDependencies = (
			);
			productName = ShallotTests;
			productReference = 3E06B4333042B984006FD699 /* ShallotTests.xctest */;
			productType = "com.apple.product-type.bundle.unit-test";
		};
		3E06B43C3042B984006FD699 /* ShallotUITests */ = {
			isa = PBXNativeTarget;
			buildConfigurationList = 3E06B44D3042B984006FD699 /* Build configuration list for PBXNativeTarget "ShallotUITests" */;
			buildPhases = (
				3E06B4393042B984006FD699 /* Sources */,
				3E06B43A3042B984006FD699 /* Frameworks */,
				3E06B43B3042B984006FD699 /* Resources */,
			);
			buildRules = (
			);
			dependencies = (
				3E06B43F3042B984006FD699 /* PBXTargetDependency */,
			);
			fileSystemSynchronizedGroups = (
				3E06B4403042B984006FD699 /* ShallotUITests */,
			);
			name = ShallotUITests;
			packageProductDependencies = (
			);
			productName = ShallotUITests;
			productReference = 3E06B43D3042B984006FD699 /* ShallotUITests.xctest */;
			productType = "com.apple.product-type.bundle.ui-testing";
		};
/* End PBXNativeTarget section */

/* Begin PBXProject section */
		3E06B41C3042B983006FD699 /* Project object */ = {
			isa = PBXProject;
			attributes = {
				BuildIndependentTargetsInParallel = 1;
				LastSwiftUpdateCheck = 2660;
				LastUpgradeCheck = 2660;
				TargetAttributes = {
					3E06B4233042B983006FD699 = {
						CreatedOnToolsVersion = 26.6;
					};
					3E06B4323042B984006FD699 = {
						CreatedOnToolsVersion = 26.6;
						TestTargetID = 3E06B4233042B983006FD699;
					};
					3E06B43C3042B984006FD699 = {
						CreatedOnToolsVersion = 26.6;
						TestTargetID = 3E06B4233042B983006FD699;
					};
				};
			};
			buildConfigurationList = 3E06B41F3042B983006FD699 /* Build configuration list for PBXProject "Shallot" */;
			developmentRegion = en;
			hasScannedForEncodings = 0;
			knownRegions = (
				en,
				Base,
			);
			mainGroup = 3E06B41B3042B983006FD699;
			minimizedProjectReferenceProxies = 1;
			packageReferences = (
				AA00000000000000000005 /* XCLocalSwiftPackageReference "Packages/ShallotCore" */,
			);
			preferredProjectObjectVersion = 77;
			productRefGroup = 3E06B4253042B983006FD699 /* Products */;
			projectDirPath = "";
			projectRoot = "";
			targets = (
				3E06B4233042B983006FD699 /* Shallot */,
				3E06B4323042B984006FD699 /* ShallotTests */,
				3E06B43C3042B984006FD699 /* ShallotUITests */,
			);
		};
/* End PBXProject section */

/* Begin PBXResourcesBuildPhase section */
		3E06B4223042B983006FD699 /* Resources */ = {
			isa = PBXResourcesBuildPhase;
			buildActionMask = 2147483647;
			files = (
			);
			runOnlyForDeploymentPostprocessing = 0;
		};
		3E06B4313042B984006FD699 /* Resources */ = {
			isa = PBXResourcesBuildPhase;
			buildActionMask = 2147483647;
			files = (
			);
			runOnlyForDeploymentPostprocessing = 0;
		};
		3E06B43B3042B984006FD699 /* Resources */ = {
			isa = PBXResourcesBuildPhase;
			buildActionMask = 2147483647;
			files = (
			);
			runOnlyForDeploymentPostprocessing = 0;
		};
/* End PBXResourcesBuildPhase section */

/* Begin PBXSourcesBuildPhase section */
		3E06B4203042B983006FD699 /* Sources */ = {
			isa = PBXSourcesBuildPhase;
			buildActionMask = 2147483647;
			files = (
			);
			runOnlyForDeploymentPostprocessing = 0;
		};
		3E06B42F3042B984006FD699 /* Sources */ = {
			isa = PBXSourcesBuildPhase;
			buildActionMask = 2147483647;
			files = (
			);
			runOnlyForDeploymentPostprocessing = 0;
		};
		3E06B4393042B984006FD699 /* Sources */ = {
			isa = PBXSourcesBuildPhase;
			buildActionMask = 2147483647;
			files = (
			);
			runOnlyForDeploymentPostprocessing = 0;
		};
/* End PBXSourcesBuildPhase section */

/* Begin PBXTargetDependency section */
		3E06B4353042B984006FD699 /* PBXTargetDependency */ = {
			isa = PBXTargetDependency;
			target = 3E06B4233042B983006FD699 /* Shallot */;
			targetProxy = 3E06B4343042B984006FD699 /* PBXContainerItemProxy */;
		};
		3E06B43F3042B984006FD699 /* PBXTargetDependency */ = {
			isa = PBXTargetDependency;
			target = 3E06B4233042B983006FD699 /* Shallot */;
			targetProxy = 3E06B43E3042B984006FD699 /* PBXContainerItemProxy */;
		};
/* End PBXTargetDependency section */

/* Begin XCBuildConfiguration section */
		3E06B4453042B984006FD699 /* Debug */ = {
			isa = XCBuildConfiguration;
			buildSettings = {
				ALWAYS_SEARCH_USER_PATHS = NO;
				ASSETCATALOG_COMPILER_GENERATE_SWIFT_ASSET_SYMBOL_EXTENSIONS = YES;
				CLANG_ANALYZER_NONNULL = YES;
				CLANG_ANALYZER_NUMBER_OBJECT_CONVERSION = YES_AGGRESSIVE;
				CLANG_CXX_LANGUAGE_STANDARD = "gnu++20";
				CLANG_ENABLE_MODULES = YES;
				CLANG_ENABLE_OBJC_ARC = YES;
				CLANG_ENABLE_OBJC_WEAK = YES;
				CLANG_WARN_BLOCK_CAPTURE_AUTORELEASING = YES;
				CLANG_WARN_BOOL_CONVERSION = YES;
				CLANG_WARN_COMMA = YES;
				CLANG_WARN_CONSTANT_CONVERSION = YES;
				CLANG_WARN_DEPRECATED_OBJC_IMPLEMENTATIONS = YES;
				CLANG_WARN_DIRECT_OBJC_ISA_USAGE = YES_ERROR;
				CLANG_WARN_DOCUMENTATION_COMMENTS = YES;
				CLANG_WARN_EMPTY_BODY = YES;
				CLANG_WARN_ENUM_CONVERSION = YES;
				CLANG_WARN_INFINITE_RECURSION = YES;
				CLANG_WARN_INT_CONVERSION = YES;
				CLANG_WARN_NON_LITERAL_NULL_CONVERSION = YES;
				CLANG_WARN_OBJC_IMPLICIT_RETAIN_SELF = YES;
				CLANG_WARN_OBJC_LITERAL_CONVERSION = YES;
				CLANG_WARN_OBJC_ROOT_CLASS = YES_ERROR;
				CLANG_WARN_QUOTED_INCLUDE_IN_FRAMEWORK_HEADER = YES;
				CLANG_WARN_RANGE_LOOP_ANALYSIS = YES;
				CLANG_WARN_STRICT_PROTOTYPES = YES;
				CLANG_WARN_SUSPICIOUS_MOVE = YES;
				CLANG_WARN_UNGUARDED_AVAILABILITY = YES_AGGRESSIVE;
				CLANG_WARN_UNREACHABLE_CODE = YES;
				CLANG_WARN__DUPLICATE_METHOD_MATCH = YES;
				COPY_PHASE_STRIP = NO;
				DEBUG_INFORMATION_FORMAT = dwarf;
				DEVELOPMENT_TEAM = 75J5TXW5SW;
				ENABLE_STRICT_OBJC_MSGSEND = YES;
				ENABLE_TESTABILITY = YES;
				ENABLE_USER_SCRIPT_SANDBOXING = YES;
				GCC_C_LANGUAGE_STANDARD = gnu17;
				GCC_DYNAMIC_NO_PIC = NO;
				GCC_NO_COMMON_BLOCKS = YES;
				GCC_OPTIMIZATION_LEVEL = 0;
				GCC_PREPROCESSOR_DEFINITIONS = (
					"DEBUG=1",
					"$(inherited)",
				);
				GCC_WARN_64_TO_32_BIT_CONVERSION = YES;
				GCC_WARN_ABOUT_RETURN_TYPE = YES_ERROR;
				GCC_WARN_UNDECLARED_SELECTOR = YES;
				GCC_WARN_UNINITIALIZED_AUTOS = YES_AGGRESSIVE;
				GCC_WARN_UNUSED_FUNCTION = YES;
				GCC_WARN_UNUSED_VARIABLE = YES;
				IPHONEOS_DEPLOYMENT_TARGET = 18.0;
				LOCALIZATION_PREFERS_STRING_CATALOGS = YES;
				MTL_ENABLE_DEBUG_INFO = INCLUDE_SOURCE;
				MTL_FAST_MATH = YES;
				ONLY_ACTIVE_ARCH = YES;
				SDKROOT = iphoneos;
				SWIFT_ACTIVE_COMPILATION_CONDITIONS = "DEBUG $(inherited)";
				SWIFT_OPTIMIZATION_LEVEL = "-Onone";
			};
			name = Debug;
		};
		3E06B4463042B984006FD699 /* Release */ = {
			isa = XCBuildConfiguration;
			buildSettings = {
				ALWAYS_SEARCH_USER_PATHS = NO;
				ASSETCATALOG_COMPILER_GENERATE_SWIFT_ASSET_SYMBOL_EXTENSIONS = YES;
				CLANG_ANALYZER_NONNULL = YES;
				CLANG_ANALYZER_NUMBER_OBJECT_CONVERSION = YES_AGGRESSIVE;
				CLANG_CXX_LANGUAGE_STANDARD = "gnu++20";
				CLANG_ENABLE_MODULES = YES;
				CLANG_ENABLE_OBJC_ARC = YES;
				CLANG_ENABLE_OBJC_WEAK = YES;
				CLANG_WARN_BLOCK_CAPTURE_AUTORELEASING = YES;
				CLANG_WARN_BOOL_CONVERSION = YES;
				CLANG_WARN_COMMA = YES;
				CLANG_WARN_CONSTANT_CONVERSION = YES;
				CLANG_WARN_DEPRECATED_OBJC_IMPLEMENTATIONS = YES;
				CLANG_WARN_DIRECT_OBJC_ISA_USAGE = YES_ERROR;
				CLANG_WARN_DOCUMENTATION_COMMENTS = YES;
				CLANG_WARN_EMPTY_BODY = YES;
				CLANG_WARN_ENUM_CONVERSION = YES;
				CLANG_WARN_INFINITE_RECURSION = YES;
				CLANG_WARN_INT_CONVERSION = YES;
				CLANG_WARN_NON_LITERAL_NULL_CONVERSION = YES;
				CLANG_WARN_OBJC_IMPLICIT_RETAIN_SELF = YES;
				CLANG_WARN_OBJC_LITERAL_CONVERSION = YES;
				CLANG_WARN_OBJC_ROOT_CLASS = YES_ERROR;
				CLANG_WARN_QUOTED_INCLUDE_IN_FRAMEWORK_HEADER = YES;
				CLANG_WARN_RANGE_LOOP_ANALYSIS = YES;
				CLANG_WARN_STRICT_PROTOTYPES = YES;
				CLANG_WARN_SUSPICIOUS_MOVE = YES;
				CLANG_WARN_UNGUARDED_AVAILABILITY = YES_AGGRESSIVE;
				CLANG_WARN_UNREACHABLE_CODE = YES;
				CLANG_WARN__DUPLICATE_METHOD_MATCH = YES;
				COPY_PHASE_STRIP = NO;
				DEBUG_INFORMATION_FORMAT = "dwarf-with-dsym";
				DEVELOPMENT_TEAM = 75J5TXW5SW;
				ENABLE_NS_ASSERTIONS = NO;
				ENABLE_STRICT_OBJC_MSGSEND = YES;
				ENABLE_USER_SCRIPT_SANDBOXING = YES;
				GCC_C_LANGUAGE_STANDARD = gnu17;
				GCC_NO_COMMON_BLOCKS = YES;
				GCC_WARN_64_TO_32_BIT_CONVERSION = YES;
				GCC_WARN_ABOUT_RETURN_TYPE = YES_ERROR;
				GCC_WARN_UNDECLARED_SELECTOR = YES;
				GCC_WARN_UNINITIALIZED_AUTOS = YES_AGGRESSIVE;
				GCC_WARN_UNUSED_FUNCTION = YES;
				GCC_WARN_UNUSED_VARIABLE = YES;
				IPHONEOS_DEPLOYMENT_TARGET = 18.0;
				LOCALIZATION_PREFERS_STRING_CATALOGS = YES;
				MTL_ENABLE_DEBUG_INFO = NO;
				MTL_FAST_MATH = YES;
				SDKROOT = iphoneos;
				SWIFT_COMPILATION_MODE = wholemodule;
				VALIDATE_PRODUCT = YES;
			};
			name = Release;
		};
		3E06B4483042B984006FD699 /* Debug */ = {
			isa = XCBuildConfiguration;
			buildSettings = {
				ASSETCATALOG_COMPILER_APPICON_NAME = AppIcon;
				ASSETCATALOG_COMPILER_GLOBAL_ACCENT_COLOR_NAME = AccentColor;
				CODE_SIGN_STYLE = Automatic;
				CURRENT_PROJECT_VERSION = 1;
				DEVELOPMENT_TEAM = 75J5TXW5SW;
				ENABLE_PREVIEWS = YES;
				GENERATE_INFOPLIST_FILE = NO;
				INFOPLIST_FILE = Info.plist;
				LD_RUNPATH_SEARCH_PATHS = (
					"$(inherited)",
					"@executable_path/Frameworks",
				);
				MARKETING_VERSION = 1.0;
				PRODUCT_BUNDLE_IDENTIFIER = cristianexer.Shallot;
				PRODUCT_NAME = "$(TARGET_NAME)";
				STRING_CATALOG_GENERATE_SYMBOLS = YES;
				SWIFT_APPROACHABLE_CONCURRENCY = YES;
				SWIFT_DEFAULT_ACTOR_ISOLATION = MainActor;
				SWIFT_EMIT_LOC_STRINGS = YES;
				SWIFT_UPCOMING_FEATURE_MEMBER_IMPORT_VISIBILITY = YES;
				SWIFT_VERSION = 6.0;
				TARGETED_DEVICE_FAMILY = "1,2";
			};
			name = Debug;
		};
		3E06B4493042B984006FD699 /* Release */ = {
			isa = XCBuildConfiguration;
			buildSettings = {
				ASSETCATALOG_COMPILER_APPICON_NAME = AppIcon;
				ASSETCATALOG_COMPILER_GLOBAL_ACCENT_COLOR_NAME = AccentColor;
				CODE_SIGN_STYLE = Automatic;
				CURRENT_PROJECT_VERSION = 1;
				DEVELOPMENT_TEAM = 75J5TXW5SW;
				ENABLE_PREVIEWS = YES;
				GENERATE_INFOPLIST_FILE = NO;
				INFOPLIST_FILE = Info.plist;
				LD_RUNPATH_SEARCH_PATHS = (
					"$(inherited)",
					"@executable_path/Frameworks",
				);
				MARKETING_VERSION = 1.0;
				PRODUCT_BUNDLE_IDENTIFIER = cristianexer.Shallot;
				PRODUCT_NAME = "$(TARGET_NAME)";
				STRING_CATALOG_GENERATE_SYMBOLS = YES;
				SWIFT_APPROACHABLE_CONCURRENCY = YES;
				SWIFT_DEFAULT_ACTOR_ISOLATION = MainActor;
				SWIFT_EMIT_LOC_STRINGS = YES;
				SWIFT_UPCOMING_FEATURE_MEMBER_IMPORT_VISIBILITY = YES;
				SWIFT_VERSION = 6.0;
				TARGETED_DEVICE_FAMILY = "1,2";
			};
			name = Release;
		};
		3E06B44B3042B984006FD699 /* Debug */ = {
			isa = XCBuildConfiguration;
			buildSettings = {
				BUNDLE_LOADER = "$(TEST_HOST)";
				CODE_SIGN_STYLE = Automatic;
				CURRENT_PROJECT_VERSION = 1;
				DEVELOPMENT_TEAM = 75J5TXW5SW;
				GENERATE_INFOPLIST_FILE = YES;
				IPHONEOS_DEPLOYMENT_TARGET = 18.0;
				MARKETING_VERSION = 1.0;
				PRODUCT_BUNDLE_IDENTIFIER = cristianexer.ShallotTests;
				PRODUCT_NAME = "$(TARGET_NAME)";
				STRING_CATALOG_GENERATE_SYMBOLS = NO;
				SWIFT_APPROACHABLE_CONCURRENCY = YES;
				SWIFT_EMIT_LOC_STRINGS = NO;
				SWIFT_UPCOMING_FEATURE_MEMBER_IMPORT_VISIBILITY = YES;
				SWIFT_VERSION = 6.0;
				TARGETED_DEVICE_FAMILY = "1,2";
				TEST_HOST = "$(BUILT_PRODUCTS_DIR)/Shallot.app/$(BUNDLE_EXECUTABLE_FOLDER_PATH)/Shallot";
			};
			name = Debug;
		};
		3E06B44C3042B984006FD699 /* Release */ = {
			isa = XCBuildConfiguration;
			buildSettings = {
				BUNDLE_LOADER = "$(TEST_HOST)";
				CODE_SIGN_STYLE = Automatic;
				CURRENT_PROJECT_VERSION = 1;
				DEVELOPMENT_TEAM = 75J5TXW5SW;
				GENERATE_INFOPLIST_FILE = YES;
				IPHONEOS_DEPLOYMENT_TARGET = 18.0;
				MARKETING_VERSION = 1.0;
				PRODUCT_BUNDLE_IDENTIFIER = cristianexer.ShallotTests;
				PRODUCT_NAME = "$(TARGET_NAME)";
				STRING_CATALOG_GENERATE_SYMBOLS = NO;
				SWIFT_APPROACHABLE_CONCURRENCY = YES;
				SWIFT_EMIT_LOC_STRINGS = NO;
				SWIFT_UPCOMING_FEATURE_MEMBER_IMPORT_VISIBILITY = YES;
				SWIFT_VERSION = 6.0;
				TARGETED_DEVICE_FAMILY = "1,2";
				TEST_HOST = "$(BUILT_PRODUCTS_DIR)/Shallot.app/$(BUNDLE_EXECUTABLE_FOLDER_PATH)/Shallot";
			};
			name = Release;
		};
		3E06B44E3042B984006FD699 /* Debug */ = {
			isa = XCBuildConfiguration;
			buildSettings = {
				CODE_SIGN_STYLE = Automatic;
				CURRENT_PROJECT_VERSION = 1;
				DEVELOPMENT_TEAM = 75J5TXW5SW;
				GENERATE_INFOPLIST_FILE = YES;
				MARKETING_VERSION = 1.0;
				PRODUCT_BUNDLE_IDENTIFIER = cristianexer.ShallotUITests;
				PRODUCT_NAME = "$(TARGET_NAME)";
				STRING_CATALOG_GENERATE_SYMBOLS = NO;
				SWIFT_APPROACHABLE_CONCURRENCY = YES;
				SWIFT_EMIT_LOC_STRINGS = NO;
				SWIFT_UPCOMING_FEATURE_MEMBER_IMPORT_VISIBILITY = YES;
				SWIFT_VERSION = 6.0;
				TARGETED_DEVICE_FAMILY = "1,2";
				TEST_TARGET_NAME = Shallot;
			};
			name = Debug;
		};
		3E06B44F3042B984006FD699 /* Release */ = {
			isa = XCBuildConfiguration;
			buildSettings = {
				CODE_SIGN_STYLE = Automatic;
				CURRENT_PROJECT_VERSION = 1;
				DEVELOPMENT_TEAM = 75J5TXW5SW;
				GENERATE_INFOPLIST_FILE = YES;
				MARKETING_VERSION = 1.0;
				PRODUCT_BUNDLE_IDENTIFIER = cristianexer.ShallotUITests;
				PRODUCT_NAME = "$(TARGET_NAME)";
				STRING_CATALOG_GENERATE_SYMBOLS = NO;
				SWIFT_APPROACHABLE_CONCURRENCY = YES;
				SWIFT_EMIT_LOC_STRINGS = NO;
				SWIFT_UPCOMING_FEATURE_MEMBER_IMPORT_VISIBILITY = YES;
				SWIFT_VERSION = 6.0;
				TARGETED_DEVICE_FAMILY = "1,2";
				TEST_TARGET_NAME = Shallot;
			};
			name = Release;
		};
/* End XCBuildConfiguration section */

/* Begin XCConfigurationList section */
		3E06B41F3042B983006FD699 /* Build configuration list for PBXProject "Shallot" */ = {
			isa = XCConfigurationList;
			buildConfigurations = (
				3E06B4453042B984006FD699 /* Debug */,
				3E06B4463042B984006FD699 /* Release */,
			);
			defaultConfigurationIsVisible = 0;
			defaultConfigurationName = Release;
		};
		3E06B4473042B984006FD699 /* Build configuration list for PBXNativeTarget "Shallot" */ = {
			isa = XCConfigurationList;
			buildConfigurations = (
				3E06B4483042B984006FD699 /* Debug */,
				3E06B4493042B984006FD699 /* Release */,
			);
			defaultConfigurationIsVisible = 0;
			defaultConfigurationName = Release;
		};
		3E06B44A3042B984006FD699 /* Build configuration list for PBXNativeTarget "ShallotTests" */ = {
			isa = XCConfigurationList;
			buildConfigurations = (
				3E06B44B3042B984006FD699 /* Debug */,
				3E06B44C3042B984006FD699 /* Release */,
			);
			defaultConfigurationIsVisible = 0;
			defaultConfigurationName = Release;
		};
		3E06B44D3042B984006FD699 /* Build configuration list for PBXNativeTarget "ShallotUITests" */ = {
			isa = XCConfigurationList;
			buildConfigurations = (
				3E06B44E3042B984006FD699 /* Debug */,
				3E06B44F3042B984006FD699 /* Release */,
			);
			defaultConfigurationIsVisible = 0;
			defaultConfigurationName = Release;
		};
/* End XCConfigurationList section */

/* Begin XCLocalSwiftPackageReference section */
		AA00000000000000000005 /* XCLocalSwiftPackageReference "Packages/ShallotCore" */ = {
			isa = XCLocalSwiftPackageReference;
			relativePath = Packages/ShallotCore;
		};
/* End XCLocalSwiftPackageReference section */

/* Begin XCSwiftPackageProductDependency section */
		AA00000000000000000002 /* ShallotCore */ = {
			isa = XCSwiftPackageProductDependency;
			productName = ShallotCore;
		};
/* End XCSwiftPackageProductDependency section */
	};
	rootObject = 3E06B41C3042B983006FD699 /* Project object */;
}
